
Microsoft Visual Studio Solution File, Format Version 12.00
# Visual Studio Version 16
VisualStudioVersion = 16.0.30406.217
MinimumVisualStudioVersion = 10.0.40219.1
Project("{9A19103F-16F7-4668-BE54-9A1E7A4F7556}") = "site", "site.csproj", "{9F045ED6-C9D7-4D8A-A980-AD7C24ED76C4}"
EndProject
Global
	GlobalSection(SolutionConfigurationPlatforms) = preSolution
		Debug|Any CPU = Debug|Any CPU
		Release|Any CPU = Release|Any CPU
	EndGlobalSection
	GlobalSection(ProjectConfigurationPlatforms) = postSolution
		{9F045ED6-C9D7-4D8A-A980-AD7C24ED76C4}.Debug|Any CPU.ActiveCfg = Debug|Any CPU
		{9F045ED6-C9D7-4D8A-A980-AD7C24ED76C4}.Debug|Any CPU.Build.0 = Debug|Any CPU
		{9F045ED6-C9D7-4D8A-A980-AD7C24ED76C4}.Release|Any CPU.ActiveCfg = Release|Any CPU
		{9F045ED6-C9D7-4D8A-A980-AD7C24ED76C4}.Release|Any CPU.Build.0 = Release|Any CPU
	EndGlobalSection
	GlobalSection(SolutionProperties) = preSolution
		HideSolutionNode = FALSE
	EndGlobalSection
	GlobalSection(ExtensibilityGlobals) = postSolution
		SolutionGuid = {4F04F244-1DCE-4C72-8868-936295A2424F}
	EndGlobalSection
EndGlobal
