
Microsoft Visual Studio Solution File, Format Version 12.00
# Visual Studio Version 16
VisualStudioVersion = 16.0.30406.217
MinimumVisualStudioVersion = 10.0.40219.1
Project("{FAE04EC0-301F-11D3-BF4B-00C04F79EFBC}") = "proj01", "proj01.csproj", "{F1BC4E03-FE29-4822-AC73-49E9495D86BF}"
EndProject
Global
	GlobalSection(SolutionConfigurationPlatforms) = preSolution
		Debug|Any CPU = Debug|Any CPU
		Release|Any CPU = Release|Any CPU
	EndGlobalSection
	GlobalSection(ProjectConfigurationPlatforms) = postSolution
		{F1BC4E03-FE29-4822-AC73-49E9495D86BF}.Debug|Any CPU.ActiveCfg = Debug|Any CPU
		{F1BC4E03-FE29-4822-AC73-49E9495D86BF}.Debug|Any CPU.Build.0 = Debug|Any CPU
		{F1BC4E03-FE29-4822-AC73-49E9495D86BF}.Release|Any CPU.ActiveCfg = Release|Any CPU
		{F1BC4E03-FE29-4822-AC73-49E9495D86BF}.Release|Any CPU.Build.0 = Release|Any CPU
	EndGlobalSection
	GlobalSection(SolutionProperties) = preSolution
		HideSolutionNode = FALSE
	EndGlobalSection
	GlobalSection(ExtensibilityGlobals) = postSolution
		SolutionGuid = {4BD3A639-218D-43A2-85E0-A6E51F0D7EA6}
	EndGlobalSection
EndGlobal
